
Microsoft Visual Studio Solution File, Format Version 11.00
# Visual Studio 2010
Project("{FAE04EC0-301F-11D3-BF4B-00C04F79EFBC}") = "Assembly-CSharp", "Assembly-CSharp\Assembly-CSharp.csproj", "{98E74BE6-C768-4408-93F2-DF43E0F10B08}"
EndProject
Global
	GlobalSection(SolutionConfigurationPlatforms) = preSolution
		Debug|Any CPU = Debug|Any CPU
		Release|Any CPU = Release|Any CPU
	EndGlobalSection
	GlobalSection(ProjectConfigurationPlatforms) = postSolution
		{98E74BE6-C768-4408-93F2-DF43E0F10B08}.Debug|Any CPU.ActiveCfg = Debug|Any CPU
		{98E74BE6-C768-4408-93F2-DF43E0F10B08}.Debug|Any CPU.Build.0 = Debug|Any CPU
		{98E74BE6-C768-4408-93F2-DF43E0F10B08}.Release|Any CPU.ActiveCfg = Release|Any CPU
		{98E74BE6-C768-4408-93F2-DF43E0F10B08}.Release|Any CPU.Build.0 = Release|Any CPU
	EndGlobalSection
	GlobalSection(SolutionProperties) = preSolution
		HideSolutionNode = FALSE
	EndGlobalSection
EndGlobal
